
Microsoft Visual Studio Solution File, Format Version 12.00
# Visual Studio Version 17
VisualStudioVersion = 17.3.32825.248
MinimumVisualStudioVersion = 10.0.40219.1
Project("{FAE04EC0-301F-11D3-BF4B-00C04F79EFBC}") = "GitDemo", "GitDemo\GitDemo.csproj", "{B05E4B57-CA10-4880-8454-D100951237EC}"
EndProject
Global
	GlobalSection(SolutionConfigurationPlatforms) = preSolution
		Debug|Any CPU = Debug|Any CPU
		Release|Any CPU = Release|Any CPU
	EndGlobalSection
	GlobalSection(ProjectConfigurationPlatforms) = postSolution
		{B05E4B57-CA10-4880-8454-D100951237EC}.Debug|Any CPU.ActiveCfg = Debug|Any CPU
		{B05E4B57-CA10-4880-8454-D100951237EC}.Debug|Any CPU.Build.0 = Debug|Any CPU
		{B05E4B57-CA10-4880-8454-D100951237EC}.Release|Any CPU.ActiveCfg = Release|Any CPU
		{B05E4B57-CA10-4880-8454-D100951237EC}.Release|Any CPU.Build.0 = Release|Any CPU
	EndGlobalSection
	GlobalSection(SolutionProperties) = preSolution
		HideSolutionNode = FALSE
	EndGlobalSection
	GlobalSection(ExtensibilityGlobals) = postSolution
		SolutionGuid = {D025DFD5-E305-4B6E-ACB2-466350385F57}
	EndGlobalSection
EndGlobal
